
Microsoft Visual Studio Solution File, Format Version 12.00
# Visual Studio Version 16
VisualStudioVersion = 16.0.32602.291
MinimumVisualStudioVersion = 10.0.40219.1
Project("{9A19103F-16F7-4668-BE54-9A1E7A4F7556}") = "Dudak", "Dudak\Dudak.csproj", "{7895DACC-6DE8-4D12-AF29-A0E9DF3EA4E2}"
EndProject
Project("{9A19103F-16F7-4668-BE54-9A1E7A4F7556}") = "Core", "Core\Core.csproj", "{A8BD3626-2DA9-4819-A27A-58B0C115FBB6}"
EndProject
Project("{9A19103F-16F7-4668-BE54-9A1E7A4F7556}") = "Application", "Application\Application.csproj", "{B50BAEE6-9475-4FC4-BD3C-0788D0E2B3EE}"
EndProject
Project("{FAE04EC0-301F-11D3-BF4B-00C04F79EFBC}") = "DB", "DB\DB.csproj", "{37005316-6888-48D5-8976-CB55CF5FDACD}"
EndProject
Global
	GlobalSection(SolutionConfigurationPlatforms) = preSolution
		Debug|Any CPU = Debug|Any CPU
		Release|Any CPU = Release|Any CPU
	EndGlobalSection
	GlobalSection(ProjectConfigurationPlatforms) = postSolution
		{7895DACC-6DE8-4D12-AF29-A0E9DF3EA4E2}.Debug|Any CPU.ActiveCfg = Debug|Any CPU
		{7895DACC-6DE8-4D12-AF29-A0E9DF3EA4E2}.Debug|Any CPU.Build.0 = Debug|Any CPU
		{7895DACC-6DE8-4D12-AF29-A0E9DF3EA4E2}.Release|Any CPU.ActiveCfg = Release|Any CPU
		{7895DACC-6DE8-4D12-AF29-A0E9DF3EA4E2}.Release|Any CPU.Build.0 = Release|Any CPU
		{A8BD3626-2DA9-4819-A27A-58B0C115FBB6}.Debug|Any CPU.ActiveCfg = Debug|Any CPU
		{A8BD3626-2DA9-4819-A27A-58B0C115FBB6}.Debug|Any CPU.Build.0 = Debug|Any CPU
		{A8BD3626-2DA9-4819-A27A-58B0C115FBB6}.Release|Any CPU.ActiveCfg = Release|Any CPU
		{A8BD3626-2DA9-4819-A27A-58B0C115FBB6}.Release|Any CPU.Build.0 = Release|Any CPU
		{B50BAEE6-9475-4FC4-BD3C-0788D0E2B3EE}.Debug|Any CPU.ActiveCfg = Debug|Any CPU
		{B50BAEE6-9475-4FC4-BD3C-0788D0E2B3EE}.Debug|Any CPU.Build.0 = Debug|Any CPU
		{B50BAEE6-9475-4FC4-BD3C-0788D0E2B3EE}.Release|Any CPU.ActiveCfg = Release|Any CPU
		{B50BAEE6-9475-4FC4-BD3C-0788D0E2B3EE}.Release|Any CPU.Build.0 = Release|Any CPU
		{37005316-6888-48D5-8976-CB55CF5FDACD}.Debug|Any CPU.ActiveCfg = Debug|Any CPU
		{37005316-6888-48D5-8976-CB55CF5FDACD}.Debug|Any CPU.Build.0 = Debug|Any CPU
		{37005316-6888-48D5-8976-CB55CF5FDACD}.Release|Any CPU.ActiveCfg = Release|Any CPU
		{37005316-6888-48D5-8976-CB55CF5FDACD}.Release|Any CPU.Build.0 = Release|Any CPU
	EndGlobalSection
	GlobalSection(SolutionProperties) = preSolution
		HideSolutionNode = FALSE
	EndGlobalSection
	GlobalSection(ExtensibilityGlobals) = postSolution
		SolutionGuid = {7CED2A5A-C972-4CEB-8898-9664E0C0D40A}
	EndGlobalSection
EndGlobal
